
Microsoft Visual Studio Solution File, Format Version 12.00
# Visual Studio Version 16
VisualStudioVersion = 16.0.30621.155
MinimumVisualStudioVersion = 10.0.40219.1
Project("{FAE04EC0-301F-11D3-BF4B-00C04F79EFBC}") = "FitnessTracker", "FitnessTracker\FitnessTracker.csproj", "{45D809F0-1872-4A00-8BB9-BEBC247A5D1A}"
EndProject
Global
	GlobalSection(SolutionConfigurationPlatforms) = preSolution
		Debug|Any CPU = Debug|Any CPU
		Release|Any CPU = Release|Any CPU
	EndGlobalSection
	GlobalSection(ProjectConfigurationPlatforms) = postSolution
		{45D809F0-1872-4A00-8BB9-BEBC247A5D1A}.Debug|Any CPU.ActiveCfg = Debug|Any CPU
		{45D809F0-1872-4A00-8BB9-BEBC247A5D1A}.Debug|Any CPU.Build.0 = Debug|Any CPU
		{45D809F0-1872-4A00-8BB9-BEBC247A5D1A}.Release|Any CPU.ActiveCfg = Release|Any CPU
		{45D809F0-1872-4A00-8BB9-BEBC247A5D1A}.Release|Any CPU.Build.0 = Release|Any CPU
	EndGlobalSection
	GlobalSection(SolutionProperties) = preSolution
		HideSolutionNode = FALSE
	EndGlobalSection
	GlobalSection(ExtensibilityGlobals) = postSolution
		SolutionGuid = {ACCFCAA5-716F-4352-A281-01F316B31659}
	EndGlobalSection
EndGlobal
